# This file is autogenerated, do not edit; changes may be undone by the next 'dep ensure'.


[[projects]]
  name = "github.com/BurntSushi/toml"
  packages = ["."]
  revision = "b26d9c308763d68093482582cea63d69be07a0f0"
  version = "v0.3.0"

[[projects]]
  name = "github.com/alecthomas/chroma"
  packages = [".","formatters","formatters/html","lexers","styles"]
  revision = "d08da055befd6993d66b606ee6cdd833e698ca55"
  version = "v0.2.0"

[[projects]]
  branch = "master"
  name = "github.com/danwakefield/fnmatch"
  packages = ["."]
  revision = "cbb64ac3d964b81592e64f957ad53df015803288"

[[projects]]
  name = "github.com/dlclark/regexp2"
  packages = [".","syntax"]
  revision = "487489b64fb796de2e55f4e8a4ad1e145f80e957"
  version = "v1.1.6"

[[projects]]
  name = "github.com/gorilla/websocket"
  packages = ["."]
  revision = "ea4d1f681babbce9545c9c5f3d5194a789c89f5b"
  version = "v1.2.0"

[[projects]]
  branch = "master"
  name = "github.com/gostores/ace"
  packages = ["."]
  revision = "01c0954e0b0179017618a7f3f71a5603459f9573"

[[projects]]
  branch = "master"
  name = "github.com/gostores/amber"
  packages = [".","parser"]
  revision = "bd1ee9edc88ca069c7650835f75a0825ebc9538a"

[[projects]]
  branch = "master"
  name = "github.com/gostores/assert"
  packages = ["."]
  revision = "db2a55611cc3190804e1c341101047358270e961"

[[projects]]
  branch = "master"
  name = "github.com/gostores/assist"
  packages = ["."]
  revision = "16c251aa473986343721435b47f78775c72ef78c"

[[projects]]
  branch = "master"
  name = "github.com/gostores/configurator"
  packages = ["."]
  revision = "0db5929132857e384d5140d6c84b0fa4e461d780"

[[projects]]
  branch = "master"
  name = "github.com/gostores/cssmin"
  packages = ["."]
  revision = "48649c22f11973304b4a3b81f70856ddf8e38111"

[[projects]]
  branch = "master"
  name = "github.com/gostores/emoji"
  packages = ["."]
  revision = "e88c25289ae964bdebc3123fee906fe2217f3879"

[[projects]]
  name = "github.com/gostores/encoding"
  packages = ["hcl","hcl/hcl/ast","hcl/hcl/parser","hcl/hcl/scanner","hcl/hcl/strconv","hcl/hcl/token","hcl/json/parser","hcl/json/scanner","hcl/json/token","markdown","properties","toml","yaml"]
  revision = "b302365e833fc581d9727744a1cef462f25dec29"
  version = "v0.0.1"

[[projects]]
  branch = "master"
  name = "github.com/gostores/fsintra"
  packages = [".","mem"]
  revision = "d031bb64166f4c22c1c3a28c4c7ab77dad877d19"

[[projects]]
  name = "github.com/gostores/fsnotify"
  packages = ["."]
  revision = "cff6a6b41da8d1238abc906710f2f689bbf81ec8"
  version = "v1.4.2"

[[projects]]
  branch = "master"
  name = "github.com/gostores/fsync"
  packages = ["."]
  revision = "b70188521156fc5acab8d0a398fa04a033d33556"

[[projects]]
  branch = "master"
  name = "github.com/gostores/gitmap"
  packages = ["."]
  revision = "bc7b3ce253c9a25d5c57349af1df2c4480ffdf0a"

[[projects]]
  branch = "master"
  name = "github.com/gostores/goman"
  packages = [".","doc","md2man"]
  revision = "1fd7d22962b948d10431030e282b7c399bd85477"

[[projects]]
  branch = "master"
  name = "github.com/gostores/goorgeous"
  packages = ["."]
  revision = "ee1d30b2d97dcf57aa6b875f25ca89fb3d5a172b"

[[projects]]
  branch = "master"
  name = "github.com/gostores/inflect"
  packages = ["."]
  revision = "b95f2d1d97e5ced6ebbc26035fd140d535210679"

[[projects]]
  branch = "master"
  name = "github.com/gostores/leaktest"
  packages = ["."]
  revision = "2c798940937d3e9ca16881a47c8471728e97729a"

[[projects]]
  branch = "master"
  name = "github.com/gostores/mapstructure"
  packages = ["."]
  revision = "b5d9e11991697a82ab3ba1b3d387eddd6f10a321"

[[projects]]
  branch = "master"
  name = "github.com/gostores/mmark"
  packages = ["."]
  revision = "30461ca9490511fba1250f7d16b6ca55b6a0bdb7"

[[projects]]
  branch = "master"
  name = "github.com/gostores/mousetrap"
  packages = ["."]
  revision = "77aaa5ebd65de16e4e18c4b6fcf4312cad0a5eed"

[[projects]]
  branch = "master"
  name = "github.com/gostores/notepad"
  packages = ["."]
  revision = "b5818ec567e097e1d43b97da5c68e0f6b4958d96"

[[projects]]
  branch = "master"
  name = "github.com/gostores/osext"
  packages = ["."]
  revision = "19ed396e6d7aab9d0a9659ffa8df8bfd48771e75"

[[projects]]
  name = "github.com/gostores/pflag"
  packages = ["."]
  revision = "477ddbfb2be36a2a1e208587851500fd55d513ab"
  version = "v1.0.0"

[[projects]]
  branch = "master"
  name = "github.com/gostores/purell"
  packages = ["."]
  revision = "f45f7721ad5359c61c90dfce68769ae764c805f7"

[[projects]]
  branch = "master"
  name = "github.com/gostores/require"
  packages = ["."]
  revision = "6bf400b22cc9c88a2233b2e17614ae3e68a2af44"

[[projects]]
  branch = "master"
  name = "github.com/gostores/spew"
  packages = ["."]
  revision = "72a5746cd4a62905f3872d12616c4f20d1d57844"

[[projects]]
  branch = "master"
  name = "github.com/gostores/urlesc"
  packages = ["."]
  revision = "794a6a2c1f6edef439ca98887e54eb29936a138c"

[[projects]]
  branch = "master"
  name = "github.com/hashicorp/go-immutable-radix"
  packages = ["."]
  revision = "8aac2701530899b64bdea735a1de8da899815220"

[[projects]]
  branch = "master"
  name = "github.com/hashicorp/golang-lru"
  packages = ["simplelru"]
  revision = "0a025b7e63adc15a622f29b0b2c4c3848243bbf6"

[[projects]]
  name = "github.com/jdkato/prose"
  packages = ["internal/util","transform"]
  revision = "20d3663d4bc9dd10d75abcde9d92e04b4861c674"
  version = "v1.1.0"

[[projects]]
  name = "github.com/nicksnyder/go-i18n"
  packages = ["i18n/bundle","i18n/language","i18n/translation"]
  revision = "0dc1626d56435e9d605a29875701721c54bc9bbd"
  version = "v1.10.0"

[[projects]]
  name = "github.com/pelletier/go-toml"
  packages = ["."]
  revision = "16398bac157da96aa88f98a2df640c7f32af1da2"
  version = "v1.0.1"

[[projects]]
  branch = "master"
  name = "golang.org/x/image"
  packages = ["riff","vp8","vp8l","webp"]
  revision = "12117c17ca67ffa1ce22e9409f3b0b0a93ac08c7"

[[projects]]
  branch = "master"
  name = "golang.org/x/net"
  packages = ["idna"]
  revision = "d866cfc389cec985d6fda2859936a575a55a3ab6"

[[projects]]
  branch = "master"
  name = "golang.org/x/sys"
  packages = ["unix"]
  revision = "1d2aa6dbdea45adaaebb9905d0666e4537563829"

[[projects]]
  branch = "master"
  name = "golang.org/x/text"
  packages = ["collate","collate/build","internal/colltab","internal/gen","internal/tag","internal/triegen","internal/ucd","language","secure/bidirule","transform","unicode/bidi","unicode/cldr","unicode/norm","unicode/rangetable","width"]
  revision = "f21a4dfb5e38f5895301dc265a8def02365cc3d0"

[[projects]]
  branch = "v2"
  name = "gopkg.in/yaml.v2"
  packages = ["."]
  revision = "287cf08546ab5e7e37d55a84f7ed3fd1db036de5"

[solve-meta]
  analyzer-name = "dep"
  analyzer-version = 1
  inputs-digest = "34c62eff6a4c3b875f5c25c35c6070a625605e880875d12e7f1e34952738d3c6"
  solver-name = "gps-cdcl"
  solver-version = 1
